
Microsoft Visual Studio Solution File, Format Version 12.00
# Visual Studio Version 17
VisualStudioVersion = 17.0.31903.59
MinimumVisualStudioVersion = 10.0.40219.1
Project("{FAE04EC0-301F-11D3-BF4B-00C04F79EFBC}") = "MainApp", "MainApp\MainApp.csproj", "{823295CE-A004-4467-9B5F-D8F6C5EF8A76}"
EndProject
Project("{FAE04EC0-301F-11D3-BF4B-00C04F79EFBC}") = "Infrastructure", "Infrastructure\Infrastructure.csproj", "{848E72C7-3C83-4BAF-8D78-C5069268B4E8}"
EndProject
Project("{FAE04EC0-301F-11D3-BF4B-00C04F79EFBC}") = "Domain", "Domain\Domain.csproj", "{D6B8E813-B7F9-44BE-A2C7-E0F84D5898BD}"
EndProject
Global
	GlobalSection(SolutionConfigurationPlatforms) = preSolution
		Debug|Any CPU = Debug|Any CPU
		Debug|x64 = Debug|x64
		Debug|x86 = Debug|x86
		Release|Any CPU = Release|Any CPU
		Release|x64 = Release|x64
		Release|x86 = Release|x86
	EndGlobalSection
	GlobalSection(ProjectConfigurationPlatforms) = postSolution
		{823295CE-A004-4467-9B5F-D8F6C5EF8A76}.Debug|Any CPU.ActiveCfg = Debug|Any CPU
		{823295CE-A004-4467-9B5F-D8F6C5EF8A76}.Debug|Any CPU.Build.0 = Debug|Any CPU
		{823295CE-A004-4467-9B5F-D8F6C5EF8A76}.Debug|x64.ActiveCfg = Debug|Any CPU
		{823295CE-A004-4467-9B5F-D8F6C5EF8A76}.Debug|x64.Build.0 = Debug|Any CPU
		{823295CE-A004-4467-9B5F-D8F6C5EF8A76}.Debug|x86.ActiveCfg = Debug|Any CPU
		{823295CE-A004-4467-9B5F-D8F6C5EF8A76}.Debug|x86.Build.0 = Debug|Any CPU
		{823295CE-A004-4467-9B5F-D8F6C5EF8A76}.Release|Any CPU.ActiveCfg = Release|Any CPU
		{823295CE-A004-4467-9B5F-D8F6C5EF8A76}.Release|Any CPU.Build.0 = Release|Any CPU
		{823295CE-A004-4467-9B5F-D8F6C5EF8A76}.Release|x64.ActiveCfg = Release|Any CPU
		{823295CE-A004-4467-9B5F-D8F6C5EF8A76}.Release|x64.Build.0 = Release|Any CPU
		{823295CE-A004-4467-9B5F-D8F6C5EF8A76}.Release|x86.ActiveCfg = Release|Any CPU
		{823295CE-A004-4467-9B5F-D8F6C5EF8A76}.Release|x86.Build.0 = Release|Any CPU
		{848E72C7-3C83-4BAF-8D78-C5069268B4E8}.Debug|Any CPU.ActiveCfg = Debug|Any CPU
		{848E72C7-3C83-4BAF-8D78-C5069268B4E8}.Debug|Any CPU.Build.0 = Debug|Any CPU
		{848E72C7-3C83-4BAF-8D78-C5069268B4E8}.Debug|x64.ActiveCfg = Debug|Any CPU
		{848E72C7-3C83-4BAF-8D78-C5069268B4E8}.Debug|x64.Build.0 = Debug|Any CPU
		{848E72C7-3C83-4BAF-8D78-C5069268B4E8}.Debug|x86.ActiveCfg = Debug|Any CPU
		{848E72C7-3C83-4BAF-8D78-C5069268B4E8}.Debug|x86.Build.0 = Debug|Any CPU
		{848E72C7-3C83-4BAF-8D78-C5069268B4E8}.Release|Any CPU.ActiveCfg = Release|Any CPU
		{848E72C7-3C83-4BAF-8D78-C5069268B4E8}.Release|Any CPU.Build.0 = Release|Any CPU
		{848E72C7-3C83-4BAF-8D78-C5069268B4E8}.Release|x64.ActiveCfg = Release|Any CPU
		{848E72C7-3C83-4BAF-8D78-C5069268B4E8}.Release|x64.Build.0 = Release|Any CPU
		{848E72C7-3C83-4BAF-8D78-C5069268B4E8}.Release|x86.ActiveCfg = Release|Any CPU
		{848E72C7-3C83-4BAF-8D78-C5069268B4E8}.Release|x86.Build.0 = Release|Any CPU
		{D6B8E813-B7F9-44BE-A2C7-E0F84D5898BD}.Debug|Any CPU.ActiveCfg = Debug|Any CPU
		{D6B8E813-B7F9-44BE-A2C7-E0F84D5898BD}.Debug|Any CPU.Build.0 = Debug|Any CPU
		{D6B8E813-B7F9-44BE-A2C7-E0F84D5898BD}.Debug|x64.ActiveCfg = Debug|Any CPU
		{D6B8E813-B7F9-44BE-A2C7-E0F84D5898BD}.Debug|x64.Build.0 = Debug|Any CPU
		{D6B8E813-B7F9-44BE-A2C7-E0F84D5898BD}.Debug|x86.ActiveCfg = Debug|Any CPU
		{D6B8E813-B7F9-44BE-A2C7-E0F84D5898BD}.Debug|x86.Build.0 = Debug|Any CPU
		{D6B8E813-B7F9-44BE-A2C7-E0F84D5898BD}.Release|Any CPU.ActiveCfg = Release|Any CPU
		{D6B8E813-B7F9-44BE-A2C7-E0F84D5898BD}.Release|Any CPU.Build.0 = Release|Any CPU
		{D6B8E813-B7F9-44BE-A2C7-E0F84D5898BD}.Release|x64.ActiveCfg = Release|Any CPU
		{D6B8E813-B7F9-44BE-A2C7-E0F84D5898BD}.Release|x64.Build.0 = Release|Any CPU
		{D6B8E813-B7F9-44BE-A2C7-E0F84D5898BD}.Release|x86.ActiveCfg = Release|Any CPU
		{D6B8E813-B7F9-44BE-A2C7-E0F84D5898BD}.Release|x86.Build.0 = Release|Any CPU
	EndGlobalSection
	GlobalSection(SolutionProperties) = preSolution
		HideSolutionNode = FALSE
	EndGlobalSection
EndGlobal
